
Microsoft Visual Studio Solution File, Format Version 12.00
# Visual Studio Version 16
VisualStudioVersion = 16.0.31515.178
MinimumVisualStudioVersion = 10.0.40219.1
Project("{FAE04EC0-301F-11D3-BF4B-00C04F79EFBC}") = "Studentmgt", "Studentmgt.csproj", "{D39AD3DC-D50C-4152-9CF8-E5AB47EF2F3A}"
EndProject
Project("{2150E333-8FDC-42A3-9474-1A3956D46DE8}") = "Solution Items", "Solution Items", "{46941D79-405E-48D3-8CE2-29E845166C76}"
	ProjectSection(SolutionItems) = preProject
		.editorconfig = .editorconfig
	EndProjectSection
EndProject
Global
	GlobalSection(SolutionConfigurationPlatforms) = preSolution
		Debug|Any CPU = Debug|Any CPU
		Release|Any CPU = Release|Any CPU
	EndGlobalSection
	GlobalSection(ProjectConfigurationPlatforms) = postSolution
		{D39AD3DC-D50C-4152-9CF8-E5AB47EF2F3A}.Debug|Any CPU.ActiveCfg = Debug|Any CPU
		{D39AD3DC-D50C-4152-9CF8-E5AB47EF2F3A}.Debug|Any CPU.Build.0 = Debug|Any CPU
		{D39AD3DC-D50C-4152-9CF8-E5AB47EF2F3A}.Release|Any CPU.ActiveCfg = Release|Any CPU
		{D39AD3DC-D50C-4152-9CF8-E5AB47EF2F3A}.Release|Any CPU.Build.0 = Release|Any CPU
	EndGlobalSection
	GlobalSection(SolutionProperties) = preSolution
		HideSolutionNode = FALSE
	EndGlobalSection
	GlobalSection(ExtensibilityGlobals) = postSolution
		SolutionGuid = {84A1429B-7799-43DD-B470-6C189EFE1BC9}
	EndGlobalSection
EndGlobal
